// !$*UTF8*$!
{
	archiveVersion = 1;
	classes = {
	};
	objectVersion = 51;
	objects = {

/* Begin PBXBuildFile section */
		32809A5523150217008B4F56 /* AppDelegate.swift in Sources */ = {isa = PBXBuildFile; fileRef = 32809A5423150217008B4F56 /* AppDelegate.swift */; };
		32809A5C23150218008B4F56 /* Assets.xcassets in Resources */ = {isa = PBXBuildFile; fileRef = 32809A5B23150218008B4F56 /* Assets.xcassets */; };
		32809A5F23150218008B4F56 /* LaunchScreen.storyboard in Resources */ = {isa = PBXBuildFile; fileRef = 32809A5D23150218008B4F56 /* LaunchScreen.storyboard */; };
		32809A6A23150930008B4F56 /* PhotoListPresenter.swift in Sources */ = {isa = PBXBuildFile; fileRef = 32809A6923150930008B4F56 /* PhotoListPresenter.swift */; };
		32809A6C2315093A008B4F56 /* PhotoListView.swift in Sources */ = {isa = PBXBuildFile; fileRef = 32809A6B2315093A008B4F56 /* PhotoListView.swift */; };
		32809A7023150985008B4F56 /* Photo.swift in Sources */ = {isa = PBXBuildFile; fileRef = 32809A6F23150985008B4F56 /* Photo.swift */; };
		32809A762315194F008B4F56 /* PhotoListViewController.swift in Sources */ = {isa = PBXBuildFile; fileRef = 32809A742315194F008B4F56 /* PhotoListViewController.swift */; };
		32809A772315194F008B4F56 /* PhotoListViewController.xib in Resources */ = {isa = PBXBuildFile; fileRef = 32809A752315194F008B4F56 /* PhotoListViewController.xib */; };
		32A441C523151D64002E0514 /* BasicService.swift in Sources */ = {isa = PBXBuildFile; fileRef = 32A441C423151D64002E0514 /* BasicService.swift */; };
		32A441C823151F12002E0514 /* PhotoListService.swift in Sources */ = {isa = PBXBuildFile; fileRef = 32A441C723151F12002E0514 /* PhotoListService.swift */; };
		32A441CA23151F3F002E0514 /* PhotoListServiceImplementation.swift in Sources */ = {isa = PBXBuildFile; fileRef = 32A441C923151F3F002E0514 /* PhotoListServiceImplementation.swift */; };
		32A441CD23152114002E0514 /* NibLoadable.swift in Sources */ = {isa = PBXBuildFile; fileRef = 32A441CC23152114002E0514 /* NibLoadable.swift */; };
		32A441D123152353002E0514 /* PhotoCollectionViewCell.swift in Sources */ = {isa = PBXBuildFile; fileRef = 32A441CF23152353002E0514 /* PhotoCollectionViewCell.swift */; };
		32A441D223152353002E0514 /* PhotoCollectionViewCell.xib in Resources */ = {isa = PBXBuildFile; fileRef = 32A441D023152353002E0514 /* PhotoCollectionViewCell.xib */; };
		32A441DB23154391002E0514 /* FooterView.swift in Sources */ = {isa = PBXBuildFile; fileRef = 32A441D923154391002E0514 /* FooterView.swift */; };
		32A441DC23154391002E0514 /* FooterView.xib in Resources */ = {isa = PBXBuildFile; fileRef = 32A441DA23154391002E0514 /* FooterView.xib */; };
		32A441E023156E0E002E0514 /* Reachabelity.swift in Sources */ = {isa = PBXBuildFile; fileRef = 32A441DF23156E0E002E0514 /* Reachabelity.swift */; };
		32A441E223157048002E0514 /* Ext+UIViewController.swift in Sources */ = {isa = PBXBuildFile; fileRef = 32A441E123157048002E0514 /* Ext+UIViewController.swift */; };
		B8214607E41E91D9434FBFDA /* Pods_RentateamTest.framework in Frameworks */ = {isa = PBXBuildFile; fileRef = B0DB61135A76202DA7A96675 /* Pods_RentateamTest.framework */; };
/* End PBXBuildFile section */

/* Begin PBXFileReference section */
		08BCD108916E7DE108D3E025 /* Pods-RentateamTest.release.xcconfig */ = {isa = PBXFileReference; includeInIndex = 1; lastKnownFileType = text.xcconfig; name = "Pods-RentateamTest.release.xcconfig"; path = "Target Support Files/Pods-RentateamTest/Pods-RentateamTest.release.xcconfig"; sourceTree = "<group>"; };
		0AD8B599784522C393583AC7 /* Pods-RentateamTest.debug.xcconfig */ = {isa = PBXFileReference; includeInIndex = 1; lastKnownFileType = text.xcconfig; name = "Pods-RentateamTest.debug.xcconfig"; path = "Target Support Files/Pods-RentateamTest/Pods-RentateamTest.debug.xcconfig"; sourceTree = "<group>"; };
		32809A5123150217008B4F56 /* RentateamTest.app */ = {isa = PBXFileReference; explicitFileType = wrapper.application; includeInIndex = 0; path = RentateamTest.app; sourceTree = BUILT_PRODUCTS_DIR; };
		32809A5423150217008B4F56 /* AppDelegate.swift */ = {isa = PBXFileReference; lastKnownFileType = sourcecode.swift; path = AppDelegate.swift; sourceTree = "<group>"; };
		32809A5B23150218008B4F56 /* Assets.xcassets */ = {isa = PBXFileReference; lastKnownFileType = folder.assetcatalog; path = Assets.xcassets; sourceTree = "<group>"; };
		32809A5E23150218008B4F56 /* Base */ = {isa = PBXFileReference; lastKnownFileType = file.storyboard; name = Base; path = Base.lproj/LaunchScreen.storyboard; sourceTree = "<group>"; };
		32809A6023150218008B4F56 /* Info.plist */ = {isa = PBXFileReference; lastKnownFileType = text.plist.xml; path = Info.plist; sourceTree = "<group>"; };
		32809A6923150930008B4F56 /* PhotoListPresenter.swift */ = {isa = PBXFileReference; lastKnownFileType = sourcecode.swift; path = PhotoListPresenter.swift; sourceTree = "<group>"; };
		32809A6B2315093A008B4F56 /* PhotoListView.swift */ = {isa = PBXFileReference; lastKnownFileType = sourcecode.swift; path = PhotoListView.swift; sourceTree = "<group>"; };
		32809A6F23150985008B4F56 /* Photo.swift */ = {isa = PBXFileReference; lastKnownFileType = sourcecode.swift; path = Photo.swift; sourceTree = "<group>"; };
		32809A742315194F008B4F56 /* PhotoListViewController.swift */ = {isa = PBXFileReference; lastKnownFileType = sourcecode.swift; path = PhotoListViewController.swift; sourceTree = "<group>"; };
		32809A752315194F008B4F56 /* PhotoListViewController.xib */ = {isa = PBXFileReference; lastKnownFileType = file.xib; path = PhotoListViewController.xib; sourceTree = "<group>"; };
		32A441C423151D64002E0514 /* BasicService.swift */ = {isa = PBXFileReference; lastKnownFileType = sourcecode.swift; path = BasicService.swift; sourceTree = "<group>"; };
		32A441C723151F12002E0514 /* PhotoListService.swift */ = {isa = PBXFileReference; lastKnownFileType = sourcecode.swift; path = PhotoListService.swift; sourceTree = "<group>"; };
		32A441C923151F3F002E0514 /* PhotoListServiceImplementation.swift */ = {isa = PBXFileReference; lastKnownFileType = sourcecode.swift; path = PhotoListServiceImplementation.swift; sourceTree = "<group>"; };
		32A441CC23152114002E0514 /* NibLoadable.swift */ = {isa = PBXFileReference; lastKnownFileType = sourcecode.swift; path = NibLoadable.swift; sourceTree = "<group>"; };
		32A441CF23152353002E0514 /* PhotoCollectionViewCell.swift */ = {isa = PBXFileReference; lastKnownFileType = sourcecode.swift; path = PhotoCollectionViewCell.swift; sourceTree = "<group>"; };
		32A441D023152353002E0514 /* PhotoCollectionViewCell.xib */ = {isa = PBXFileReference; lastKnownFileType = file.xib; path = PhotoCollectionViewCell.xib; sourceTree = "<group>"; };
		32A441D923154391002E0514 /* FooterView.swift */ = {isa = PBXFileReference; lastKnownFileType = sourcecode.swift; path = FooterView.swift; sourceTree = "<group>"; };
		32A441DA23154391002E0514 /* FooterView.xib */ = {isa = PBXFileReference; lastKnownFileType = file.xib; path = FooterView.xib; sourceTree = "<group>"; };
		32A441DF23156E0E002E0514 /* Reachabelity.swift */ = {isa = PBXFileReference; lastKnownFileType = sourcecode.swift; path = Reachabelity.swift; sourceTree = "<group>"; };
		32A441E123157048002E0514 /* Ext+UIViewController.swift */ = {isa = PBXFileReference; lastKnownFileType = sourcecode.swift; path = "Ext+UIViewController.swift"; sourceTree = "<group>"; };
		B0DB61135A76202DA7A96675 /* Pods_RentateamTest.framework */ = {isa = PBXFileReference; explicitFileType = wrapper.framework; includeInIndex = 0; path = Pods_RentateamTest.framework; sourceTree = BUILT_PRODUCTS_DIR; };
/* End PBXFileReference section */

/* Begin PBXFrameworksBuildPhase section */
		32809A4E23150217008B4F56 /* Frameworks */ = {
			isa = PBXFrameworksBuildPhase;
			buildActionMask = 2147483647;
			files = (
				B8214607E41E91D9434FBFDA /* Pods_RentateamTest.framework in Frameworks */,
			);
			runOnlyForDeploymentPostprocessing = 0;
		};
/* End PBXFrameworksBuildPhase section */

/* Begin PBXGroup section */
		1A9BE223CEF3219B8696003F /* Frameworks */ = {
			isa = PBXGroup;
			children = (
				B0DB61135A76202DA7A96675 /* Pods_RentateamTest.framework */,
			);
			name = Frameworks;
			sourceTree = "<group>";
		};
		32809A4823150217008B4F56 = {
			isa = PBXGroup;
			children = (
				32809A5323150217008B4F56 /* RentateamTest */,
				32809A5223150217008B4F56 /* Products */,
				D28B8BB1703E63AC8799FAFE /* Pods */,
				1A9BE223CEF3219B8696003F /* Frameworks */,
			);
			sourceTree = "<group>";
		};
		32809A5223150217008B4F56 /* Products */ = {
			isa = PBXGroup;
			children = (
				32809A5123150217008B4F56 /* RentateamTest.app */,
			);
			name = Products;
			sourceTree = "<group>";
		};
		32809A5323150217008B4F56 /* RentateamTest */ = {
			isa = PBXGroup;
			children = (
				32809A5423150217008B4F56 /* AppDelegate.swift */,
				32A441CB23152105002E0514 /* Helpers */,
				32809A6D2315094D008B4F56 /* Services */,
				32809A7123150F9A008B4F56 /* Scenes */,
				32A441C323151B4A002E0514 /* Supporting files */,
			);
			path = RentateamTest;
			sourceTree = "<group>";
		};
		32809A66231508FE008B4F56 /* PhotoList */ = {
			isa = PBXGroup;
			children = (
				32A441CE2315233F002E0514 /* Cells */,
				32809A6E23150955008B4F56 /* Model */,
				32809A6923150930008B4F56 /* PhotoListPresenter.swift */,
				32809A6B2315093A008B4F56 /* PhotoListView.swift */,
				32809A742315194F008B4F56 /* PhotoListViewController.swift */,
				32809A752315194F008B4F56 /* PhotoListViewController.xib */,
			);
			path = PhotoList;
			sourceTree = "<group>";
		};
		32809A6D2315094D008B4F56 /* Services */ = {
			isa = PBXGroup;
			children = (
				32A441DE23156AF3002E0514 /* Network */,
			);
			path = Services;
			sourceTree = "<group>";
		};
		32809A6E23150955008B4F56 /* Model */ = {
			isa = PBXGroup;
			children = (
				32809A6F23150985008B4F56 /* Photo.swift */,
			);
			path = Model;
			sourceTree = "<group>";
		};
		32809A7123150F9A008B4F56 /* Scenes */ = {
			isa = PBXGroup;
			children = (
				32809A66231508FE008B4F56 /* PhotoList */,
			);
			path = Scenes;
			sourceTree = "<group>";
		};
		32A441C323151B4A002E0514 /* Supporting files */ = {
			isa = PBXGroup;
			children = (
				32809A5B23150218008B4F56 /* Assets.xcassets */,
				32809A5D23150218008B4F56 /* LaunchScreen.storyboard */,
				32809A6023150218008B4F56 /* Info.plist */,
			);
			path = "Supporting files";
			sourceTree = "<group>";
		};
		32A441C623151EFF002E0514 /* PhotoList */ = {
			isa = PBXGroup;
			children = (
				32A441C723151F12002E0514 /* PhotoListService.swift */,
				32A441C923151F3F002E0514 /* PhotoListServiceImplementation.swift */,
			);
			path = PhotoList;
			sourceTree = "<group>";
		};
		32A441CB23152105002E0514 /* Helpers */ = {
			isa = PBXGroup;
			children = (
				32A441CC23152114002E0514 /* NibLoadable.swift */,
				32A441DF23156E0E002E0514 /* Reachabelity.swift */,
				32A441E123157048002E0514 /* Ext+UIViewController.swift */,
			);
			path = Helpers;
			sourceTree = "<group>";
		};
		32A441CE2315233F002E0514 /* Cells */ = {
			isa = PBXGroup;
			children = (
				32A441D4231538DC002E0514 /* FooterView */,
				32A441D3231538CE002E0514 /* PhotoCollectionViewCell */,
			);
			path = Cells;
			sourceTree = "<group>";
		};
		32A441D3231538CE002E0514 /* PhotoCollectionViewCell */ = {
			isa = PBXGroup;
			children = (
				32A441CF23152353002E0514 /* PhotoCollectionViewCell.swift */,
				32A441D023152353002E0514 /* PhotoCollectionViewCell.xib */,
			);
			path = PhotoCollectionViewCell;
			sourceTree = "<group>";
		};
		32A441D4231538DC002E0514 /* FooterView */ = {
			isa = PBXGroup;
			children = (
				32A441D923154391002E0514 /* FooterView.swift */,
				32A441DA23154391002E0514 /* FooterView.xib */,
			);
			path = FooterView;
			sourceTree = "<group>";
		};
		32A441DE23156AF3002E0514 /* Network */ = {
			isa = PBXGroup;
			children = (
				32A441C423151D64002E0514 /* BasicService.swift */,
				32A441C623151EFF002E0514 /* PhotoList */,
			);
			path = Network;
			sourceTree = "<group>";
		};
		D28B8BB1703E63AC8799FAFE /* Pods */ = {
			isa = PBXGroup;
			children = (
				0AD8B599784522C393583AC7 /* Pods-RentateamTest.debug.xcconfig */,
				08BCD108916E7DE108D3E025 /* Pods-RentateamTest.release.xcconfig */,
			);
			path = Pods;
			sourceTree = "<group>";
		};
/* End PBXGroup section */

/* Begin PBXNativeTarget section */
		32809A5023150217008B4F56 /* RentateamTest */ = {
			isa = PBXNativeTarget;
			buildConfigurationList = 32809A6323150218008B4F56 /* Build configuration list for PBXNativeTarget "RentateamTest" */;
			buildPhases = (
				353BCCFBE2478D6E256A364E /* [CP] Check Pods Manifest.lock */,
				32809A4D23150217008B4F56 /* Sources */,
				32809A4E23150217008B4F56 /* Frameworks */,
				32809A4F23150217008B4F56 /* Resources */,
				0B83A6660165169E83A2E4EE /* [CP] Embed Pods Frameworks */,
			);
			buildRules = (
			);
			dependencies = (
			);
			name = RentateamTest;
			productName = RentateamTest;
			productReference = 32809A5123150217008B4F56 /* RentateamTest.app */;
			productType = "com.apple.product-type.application";
		};
/* End PBXNativeTarget section */

/* Begin PBXProject section */
		32809A4923150217008B4F56 /* Project object */ = {
			isa = PBXProject;
			attributes = {
				LastSwiftUpdateCheck = 1010;
				LastUpgradeCheck = 1010;
				ORGANIZATIONNAME = "Kazim Gajiev";
				TargetAttributes = {
					32809A5023150217008B4F56 = {
						CreatedOnToolsVersion = 10.1;
					};
				};
			};
			buildConfigurationList = 32809A4C23150217008B4F56 /* Build configuration list for PBXProject "RentateamTest" */;
			compatibilityVersion = "Xcode 9.3";
			developmentRegion = en;
			hasScannedForEncodings = 0;
			knownRegions = (
				en,
				Base,
			);
			mainGroup = 32809A4823150217008B4F56;
			productRefGroup = 32809A5223150217008B4F56 /* Products */;
			projectDirPath = "";
			projectRoot = "";
			targets = (
				32809A5023150217008B4F56 /* RentateamTest */,
			);
		};
/* End PBXProject section */

/* Begin PBXResourcesBuildPhase section */
		32809A4F23150217008B4F56 /* Resources */ = {
			isa = PBXResourcesBuildPhase;
			buildActionMask = 2147483647;
			files = (
				32809A5F23150218008B4F56 /* LaunchScreen.storyboard in Resources */,
				32A441D223152353002E0514 /* PhotoCollectionViewCell.xib in Resources */,
				32809A772315194F008B4F56 /* PhotoListViewController.xib in Resources */,
				32A441DC23154391002E0514 /* FooterView.xib in Resources */,
				32809A5C23150218008B4F56 /* Assets.xcassets in Resources */,
			);
			runOnlyForDeploymentPostprocessing = 0;
		};
/* End PBXResourcesBuildPhase section */

/* Begin PBXShellScriptBuildPhase section */
		0B83A6660165169E83A2E4EE /* [CP] Embed Pods Frameworks */ = {
			isa = PBXShellScriptBuildPhase;
			buildActionMask = 2147483647;
			files = (
			);
			inputFileListPaths = (
				"${PODS_ROOT}/Target Support Files/Pods-RentateamTest/Pods-RentateamTest-frameworks-${CONFIGURATION}-input-files.xcfilelist",
			);
			name = "[CP] Embed Pods Frameworks";
			outputFileListPaths = (
				"${PODS_ROOT}/Target Support Files/Pods-RentateamTest/Pods-RentateamTest-frameworks-${CONFIGURATION}-output-files.xcfilelist",
			);
			runOnlyForDeploymentPostprocessing = 0;
			shellPath = /bin/sh;
			shellScript = "\"${PODS_ROOT}/Target Support Files/Pods-RentateamTest/Pods-RentateamTest-frameworks.sh\"\n";
			showEnvVarsInLog = 0;
		};
		353BCCFBE2478D6E256A364E /* [CP] Check Pods Manifest.lock */ = {
			isa = PBXShellScriptBuildPhase;
			buildActionMask = 2147483647;
			files = (
			);
			inputFileListPaths = (
			);
			inputPaths = (
				"${PODS_PODFILE_DIR_PATH}/Podfile.lock",
				"${PODS_ROOT}/Manifest.lock",
			);
			name = "[CP] Check Pods Manifest.lock";
			outputFileListPaths = (
			);
			outputPaths = (
				"$(DERIVED_FILE_DIR)/Pods-RentateamTest-checkManifestLockResult.txt",
			);
			runOnlyForDeploymentPostprocessing = 0;
			shellPath = /bin/sh;
			shellScript = "diff \"${PODS_PODFILE_DIR_PATH}/Podfile.lock\" \"${PODS_ROOT}/Manifest.lock\" > /dev/null\nif [ $? != 0 ] ; then\n    # print error to STDERR\n    echo \"error: The sandbox is not in sync with the Podfile.lock. Run 'pod install' or update your CocoaPods installation.\" >&2\n    exit 1\nfi\n# This output is used by Xcode 'outputs' to avoid re-running this script phase.\necho \"SUCCESS\" > \"${SCRIPT_OUTPUT_FILE_0}\"\n";
			showEnvVarsInLog = 0;
		};
/* End PBXShellScriptBuildPhase section */

/* Begin PBXSourcesBuildPhase section */
		32809A4D23150217008B4F56 /* Sources */ = {
			isa = PBXSourcesBuildPhase;
			buildActionMask = 2147483647;
			files = (
				32809A762315194F008B4F56 /* PhotoListViewController.swift in Sources */,
				32A441D123152353002E0514 /* PhotoCollectionViewCell.swift in Sources */,
				32809A6A23150930008B4F56 /* PhotoListPresenter.swift in Sources */,
				32809A5523150217008B4F56 /* AppDelegate.swift in Sources */,
				32A441CD23152114002E0514 /* NibLoadable.swift in Sources */,
				32A441C823151F12002E0514 /* PhotoListService.swift in Sources */,
				32A441DB23154391002E0514 /* FooterView.swift in Sources */,
				32A441E223157048002E0514 /* Ext+UIViewController.swift in Sources */,
				32A441CA23151F3F002E0514 /* PhotoListServiceImplementation.swift in Sources */,
				32809A6C2315093A008B4F56 /* PhotoListView.swift in Sources */,
				32A441C523151D64002E0514 /* BasicService.swift in Sources */,
				32A441E023156E0E002E0514 /* Reachabelity.swift in Sources */,
				32809A7023150985008B4F56 /* Photo.swift in Sources */,
			);
			runOnlyForDeploymentPostprocessing = 0;
		};
/* End PBXSourcesBuildPhase section */

/* Begin PBXVariantGroup section */
		32809A5D23150218008B4F56 /* LaunchScreen.storyboard */ = {
			isa = PBXVariantGroup;
			children = (
				32809A5E23150218008B4F56 /* Base */,
			);
			name = LaunchScreen.storyboard;
			sourceTree = "<group>";
		};
/* End PBXVariantGroup section */

/* Begin XCBuildConfiguration section */
		32809A6123150218008B4F56 /* Debug */ = {
			isa = XCBuildConfiguration;
			buildSettings = {
				ALWAYS_SEARCH_USER_PATHS = NO;
				CLANG_ANALYZER_NONNULL = YES;
				CLANG_ANALYZER_NUMBER_OBJECT_CONVERSION = YES_AGGRESSIVE;
				CLANG_CXX_LANGUAGE_STANDARD = "gnu++14";
				CLANG_CXX_LIBRARY = "libc++";
				CLANG_ENABLE_MODULES = YES;
				CLANG_ENABLE_OBJC_ARC = YES;
				CLANG_ENABLE_OBJC_WEAK = YES;
				CLANG_WARN_BLOCK_CAPTURE_AUTORELEASING = YES;
				CLANG_WARN_BOOL_CONVERSION = YES;
				CLANG_WARN_COMMA = YES;
				CLANG_WARN_CONSTANT_CONVERSION = YES;
				CLANG_WARN_DEPRECATED_OBJC_IMPLEMENTATIONS = YES;
				CLANG_WARN_DIRECT_OBJC_ISA_USAGE = YES_ERROR;
				CLANG_WARN_DOCUMENTATION_COMMENTS = YES;
				CLANG_WARN_EMPTY_BODY = YES;
				CLANG_WARN_ENUM_CONVERSION = YES;
				CLANG_WARN_INFINITE_RECURSION = YES;
				CLANG_WARN_INT_CONVERSION = YES;
				CLANG_WARN_NON_LITERAL_NULL_CONVERSION = YES;
				CLANG_WARN_OBJC_IMPLICIT_RETAIN_SELF = YES;
				CLANG_WARN_OBJC_LITERAL_CONVERSION = YES;
				CLANG_WARN_OBJC_ROOT_CLASS = YES_ERROR;
				CLANG_WARN_RANGE_LOOP_ANALYSIS = YES;
				CLANG_WARN_STRICT_PROTOTYPES = YES;
				CLANG_WARN_SUSPICIOUS_MOVE = YES;
				CLANG_WARN_UNGUARDED_AVAILABILITY = YES_AGGRESSIVE;
				CLANG_WARN_UNREACHABLE_CODE = YES;
				CLANG_WARN__DUPLICATE_METHOD_MATCH = YES;
				CODE_SIGN_IDENTITY = "iPhone Developer";
				COPY_PHASE_STRIP = NO;
				DEBUG_INFORMATION_FORMAT = dwarf;
				ENABLE_STRICT_OBJC_MSGSEND = YES;
				ENABLE_TESTABILITY = YES;
				GCC_C_LANGUAGE_STANDARD = gnu11;
				GCC_DYNAMIC_NO_PIC = NO;
				GCC_NO_COMMON_BLOCKS = YES;
				GCC_OPTIMIZATION_LEVEL = 0;
				GCC_PREPROCESSOR_DEFINITIONS = (
					"DEBUG=1",
					"$(inherited)",
				);
				GCC_WARN_64_TO_32_BIT_CONVERSION = YES;
				GCC_WARN_ABOUT_RETURN_TYPE = YES_ERROR;
				GCC_WARN_UNDECLARED_SELECTOR = YES;
				GCC_WARN_UNINITIALIZED_AUTOS = YES_AGGRESSIVE;
				GCC_WARN_UNUSED_FUNCTION = YES;
				GCC_WARN_UNUSED_VARIABLE = YES;
				IPHONEOS_DEPLOYMENT_TARGET = 12.1;
				MTL_ENABLE_DEBUG_INFO = INCLUDE_SOURCE;
				MTL_FAST_MATH = YES;
				ONLY_ACTIVE_ARCH = YES;
				SDKROOT = iphoneos;
				SWIFT_ACTIVE_COMPILATION_CONDITIONS = DEBUG;
				SWIFT_OPTIMIZATION_LEVEL = "-Onone";
			};
			name = Debug;
		};
		32809A6223150218008B4F56 /* Release */ = {
			isa = XCBuildConfiguration;
			buildSettings = {
				ALWAYS_SEARCH_USER_PATHS = NO;
				CLANG_ANALYZER_NONNULL = YES;
				CLANG_ANALYZER_NUMBER_OBJECT_CONVERSION = YES_AGGRESSIVE;
				CLANG_CXX_LANGUAGE_STANDARD = "gnu++14";
				CLANG_CXX_LIBRARY = "libc++";
				CLANG_ENABLE_MODULES = YES;
				CLANG_ENABLE_OBJC_ARC = YES;
				CLANG_ENABLE_OBJC_WEAK = YES;
				CLANG_WARN_BLOCK_CAPTURE_AUTORELEASING = YES;
				CLANG_WARN_BOOL_CONVERSION = YES;
				CLANG_WARN_COMMA = YES;
				CLANG_WARN_CONSTANT_CONVERSION = YES;
				CLANG_WARN_DEPRECATED_OBJC_IMPLEMENTATIONS = YES;
				CLANG_WARN_DIRECT_OBJC_ISA_USAGE = YES_ERROR;
				CLANG_WARN_DOCUMENTATION_COMMENTS = YES;
				CLANG_WARN_EMPTY_BODY = YES;
				CLANG_WARN_ENUM_CONVERSION = YES;
				CLANG_WARN_INFINITE_RECURSION = YES;
				CLANG_WARN_INT_CONVERSION = YES;
				CLANG_WARN_NON_LITERAL_NULL_CONVERSION = YES;
				CLANG_WARN_OBJC_IMPLICIT_RETAIN_SELF = YES;
				CLANG_WARN_OBJC_LITERAL_CONVERSION = YES;
				CLANG_WARN_OBJC_ROOT_CLASS = YES_ERROR;
				CLANG_WARN_RANGE_LOOP_ANALYSIS = YES;
				CLANG_WARN_STRICT_PROTOTYPES = YES;
				CLANG_WARN_SUSPICIOUS_MOVE = YES;
				CLANG_WARN_UNGUARDED_AVAILABILITY = YES_AGGRESSIVE;
				CLANG_WARN_UNREACHABLE_CODE = YES;
				CLANG_WARN__DUPLICATE_METHOD_MATCH = YES;
				CODE_SIGN_IDENTITY = "iPhone Developer";
				COPY_PHASE_STRIP = NO;
				DEBUG_INFORMATION_FORMAT = "dwarf-with-dsym";
				ENABLE_NS_ASSERTIONS = NO;
				ENABLE_STRICT_OBJC_MSGSEND = YES;
				GCC_C_LANGUAGE_STANDARD = gnu11;
				GCC_NO_COMMON_BLOCKS = YES;
				GCC_WARN_64_TO_32_BIT_CONVERSION = YES;
				GCC_WARN_ABOUT_RETURN_TYPE = YES_ERROR;
				GCC_WARN_UNDECLARED_SELECTOR = YES;
				GCC_WARN_UNINITIALIZED_AUTOS = YES_AGGRESSIVE;
				GCC_WARN_UNUSED_FUNCTION = YES;
				GCC_WARN_UNUSED_VARIABLE = YES;
				IPHONEOS_DEPLOYMENT_TARGET = 12.1;
				MTL_ENABLE_DEBUG_INFO = NO;
				MTL_FAST_MATH = YES;
				SDKROOT = iphoneos;
				SWIFT_COMPILATION_MODE = wholemodule;
				SWIFT_OPTIMIZATION_LEVEL = "-O";
				VALIDATE_PRODUCT = YES;
			};
			name = Release;
		};
		32809A6423150218008B4F56 /* Debug */ = {
			isa = XCBuildConfiguration;
			baseConfigurationReference = 0AD8B599784522C393583AC7 /* Pods-RentateamTest.debug.xcconfig */;
			buildSettings = {
				ASSETCATALOG_COMPILER_APPICON_NAME = AppIcon;
				CODE_SIGN_STYLE = Automatic;
				DEVELOPMENT_TEAM = 396KV6U5SX;
				INFOPLIST_FILE = "$(SRCROOT)/RentateamTest/Supporting files/Info.plist";
				IPHONEOS_DEPLOYMENT_TARGET = 11.0;
				LD_RUNPATH_SEARCH_PATHS = (
					"$(inherited)",
					"@executable_path/Frameworks",
				);
				PRODUCT_BUNDLE_IDENTIFIER = ru.learanddevelop.RentateamTest;
				PRODUCT_NAME = "$(TARGET_NAME)";
				SWIFT_VERSION = 4.2;
				TARGETED_DEVICE_FAMILY = 1;
			};
			name = Debug;
		};
		32809A6523150218008B4F56 /* Release */ = {
			isa = XCBuildConfiguration;
			baseConfigurationReference = 08BCD108916E7DE108D3E025 /* Pods-RentateamTest.release.xcconfig */;
			buildSettings = {
				ASSETCATALOG_COMPILER_APPICON_NAME = AppIcon;
				CODE_SIGN_STYLE = Automatic;
				DEVELOPMENT_TEAM = 396KV6U5SX;
				INFOPLIST_FILE = "$(SRCROOT)/RentateamTest/Supporting files/Info.plist";
				IPHONEOS_DEPLOYMENT_TARGET = 11.0;
				LD_RUNPATH_SEARCH_PATHS = (
					"$(inherited)",
					"@executable_path/Frameworks",
				);
				PRODUCT_BUNDLE_IDENTIFIER = ru.learanddevelop.RentateamTest;
				PRODUCT_NAME = "$(TARGET_NAME)";
				SWIFT_VERSION = 4.2;
				TARGETED_DEVICE_FAMILY = 1;
			};
			name = Release;
		};
/* End XCBuildConfiguration section */

/* Begin XCConfigurationList section */
		32809A4C23150217008B4F56 /* Build configuration list for PBXProject "RentateamTest" */ = {
			isa = XCConfigurationList;
			buildConfigurations = (
				32809A6123150218008B4F56 /* Debug */,
				32809A6223150218008B4F56 /* Release */,
			);
			defaultConfigurationIsVisible = 0;
			defaultConfigurationName = Release;
		};
		32809A6323150218008B4F56 /* Build configuration list for PBXNativeTarget "RentateamTest" */ = {
			isa = XCConfigurationList;
			buildConfigurations = (
				32809A6423150218008B4F56 /* Debug */,
				32809A6523150218008B4F56 /* Release */,
			);
			defaultConfigurationIsVisible = 0;
			defaultConfigurationName = Release;
		};
/* End XCConfigurationList section */
	};
	rootObject = 32809A4923150217008B4F56 /* Project object */;
}
